
Microsoft Visual Studio Solution File, Format Version 12.00
Project("{FAE04EC0-301F-11D3-BF4B-00C04F79EFBC}") = "Starter", "Starter\Starter.csproj", "{BCF03314-0D67-4CA2-A86C-BDE0E550DA96}"
EndProject
Project("{FAE04EC0-301F-11D3-BF4B-00C04F79EFBC}") = "ObserverPattern", "ObserverPattern\ObserverPattern.csproj", "{992AEC78-75C2-44FE-84DA-83127BE4CD50}"
EndProject
Project("{FAE04EC0-301F-11D3-BF4B-00C04F79EFBC}") = "StrategyPattern", "StrategyPattern\StrategyPattern.csproj", "{9606455F-D725-4B66-A04C-CF65EBD4BE2D}"
EndProject
Project("{FAE04EC0-301F-11D3-BF4B-00C04F79EFBC}") = "DecoratorPattern", "DecoratorPattern\DecoratorPattern.csproj", "{2C9C1018-A27D-4714-99DE-5B3ABA66F885}"
EndProject
Project("{FAE04EC0-301F-11D3-BF4B-00C04F79EFBC}") = "FactoryPattern", "FactoryPattern\FactoryPattern.csproj", "{08A54027-E2CD-4A65-8DBC-0358245B19F4}"
EndProject
Project("{FAE04EC0-301F-11D3-BF4B-00C04F79EFBC}") = "SingletonPattern", "SingletonPattern\SingletonPattern.csproj", "{99DFB65D-4F74-4D24-860F-10149EF983F8}"
EndProject
Project("{FAE04EC0-301F-11D3-BF4B-00C04F79EFBC}") = "CommandPattern", "CommandPattern\CommandPattern.csproj", "{3E31868E-11E2-4B9A-9B46-146FDAEB5383}"
EndProject
Project("{FAE04EC0-301F-11D3-BF4B-00C04F79EFBC}") = "AdapterPattern", "AdapterPattern\AdapterPattern.csproj", "{73618080-CF77-4419-976D-45146EF830E6}"
EndProject
Project("{FAE04EC0-301F-11D3-BF4B-00C04F79EFBC}") = "FacadePattern", "FacadePattern\FacadePattern.csproj", "{DB3478DB-4F4D-4174-B29E-C8369381CE9C}"
EndProject
Project("{FAE04EC0-301F-11D3-BF4B-00C04F79EFBC}") = "TemplateMethodPattern", "TemplateMethodPattern\TemplateMethodPattern.csproj", "{04F275D9-13BB-4D80-BE60-9D4098F9FF6B}"
EndProject
Project("{FAE04EC0-301F-11D3-BF4B-00C04F79EFBC}") = "IteratorPattern", "IteratorPattern\IteratorPattern.csproj", "{697A0DD0-9E9F-4C56-9219-FBA9627EC48C}"
EndProject
Project("{FAE04EC0-301F-11D3-BF4B-00C04F79EFBC}") = "CompositePattern", "CompositePattern\CompositePattern.csproj", "{207D1D18-CE3E-4415-B470-6B978648239F}"
EndProject
Project("{FAE04EC0-301F-11D3-BF4B-00C04F79EFBC}") = "StatePattern", "StatePattern\StatePattern.csproj", "{8BDAE98A-4D1B-4F8C-8E57-ABF2D2F98ECB}"
EndProject
Global
	GlobalSection(SolutionConfigurationPlatforms) = preSolution
		Debug|Any CPU = Debug|Any CPU
		Release|Any CPU = Release|Any CPU
	EndGlobalSection
	GlobalSection(ProjectConfigurationPlatforms) = postSolution
		{BCF03314-0D67-4CA2-A86C-BDE0E550DA96}.Debug|Any CPU.ActiveCfg = Debug|Any CPU
		{BCF03314-0D67-4CA2-A86C-BDE0E550DA96}.Debug|Any CPU.Build.0 = Debug|Any CPU
		{BCF03314-0D67-4CA2-A86C-BDE0E550DA96}.Release|Any CPU.ActiveCfg = Release|Any CPU
		{BCF03314-0D67-4CA2-A86C-BDE0E550DA96}.Release|Any CPU.Build.0 = Release|Any CPU
		{992AEC78-75C2-44FE-84DA-83127BE4CD50}.Debug|Any CPU.ActiveCfg = Debug|Any CPU
		{992AEC78-75C2-44FE-84DA-83127BE4CD50}.Debug|Any CPU.Build.0 = Debug|Any CPU
		{992AEC78-75C2-44FE-84DA-83127BE4CD50}.Release|Any CPU.ActiveCfg = Release|Any CPU
		{992AEC78-75C2-44FE-84DA-83127BE4CD50}.Release|Any CPU.Build.0 = Release|Any CPU
		{9606455F-D725-4B66-A04C-CF65EBD4BE2D}.Debug|Any CPU.ActiveCfg = Debug|Any CPU
		{9606455F-D725-4B66-A04C-CF65EBD4BE2D}.Debug|Any CPU.Build.0 = Debug|Any CPU
		{9606455F-D725-4B66-A04C-CF65EBD4BE2D}.Release|Any CPU.ActiveCfg = Release|Any CPU
		{9606455F-D725-4B66-A04C-CF65EBD4BE2D}.Release|Any CPU.Build.0 = Release|Any CPU
		{2C9C1018-A27D-4714-99DE-5B3ABA66F885}.Debug|Any CPU.ActiveCfg = Debug|Any CPU
		{2C9C1018-A27D-4714-99DE-5B3ABA66F885}.Debug|Any CPU.Build.0 = Debug|Any CPU
		{2C9C1018-A27D-4714-99DE-5B3ABA66F885}.Release|Any CPU.ActiveCfg = Release|Any CPU
		{2C9C1018-A27D-4714-99DE-5B3ABA66F885}.Release|Any CPU.Build.0 = Release|Any CPU
		{08A54027-E2CD-4A65-8DBC-0358245B19F4}.Debug|Any CPU.ActiveCfg = Debug|Any CPU
		{08A54027-E2CD-4A65-8DBC-0358245B19F4}.Debug|Any CPU.Build.0 = Debug|Any CPU
		{08A54027-E2CD-4A65-8DBC-0358245B19F4}.Release|Any CPU.ActiveCfg = Release|Any CPU
		{08A54027-E2CD-4A65-8DBC-0358245B19F4}.Release|Any CPU.Build.0 = Release|Any CPU
		{99DFB65D-4F74-4D24-860F-10149EF983F8}.Debug|Any CPU.ActiveCfg = Debug|Any CPU
		{99DFB65D-4F74-4D24-860F-10149EF983F8}.Debug|Any CPU.Build.0 = Debug|Any CPU
		{99DFB65D-4F74-4D24-860F-10149EF983F8}.Release|Any CPU.ActiveCfg = Release|Any CPU
		{99DFB65D-4F74-4D24-860F-10149EF983F8}.Release|Any CPU.Build.0 = Release|Any CPU
		{3E31868E-11E2-4B9A-9B46-146FDAEB5383}.Debug|Any CPU.ActiveCfg = Debug|Any CPU
		{3E31868E-11E2-4B9A-9B46-146FDAEB5383}.Debug|Any CPU.Build.0 = Debug|Any CPU
		{3E31868E-11E2-4B9A-9B46-146FDAEB5383}.Release|Any CPU.ActiveCfg = Release|Any CPU
		{3E31868E-11E2-4B9A-9B46-146FDAEB5383}.Release|Any CPU.Build.0 = Release|Any CPU
		{73618080-CF77-4419-976D-45146EF830E6}.Debug|Any CPU.ActiveCfg = Debug|Any CPU
		{73618080-CF77-4419-976D-45146EF830E6}.Debug|Any CPU.Build.0 = Debug|Any CPU
		{73618080-CF77-4419-976D-45146EF830E6}.Release|Any CPU.ActiveCfg = Release|Any CPU
		{73618080-CF77-4419-976D-45146EF830E6}.Release|Any CPU.Build.0 = Release|Any CPU
		{DB3478DB-4F4D-4174-B29E-C8369381CE9C}.Debug|Any CPU.ActiveCfg = Debug|Any CPU
		{DB3478DB-4F4D-4174-B29E-C8369381CE9C}.Debug|Any CPU.Build.0 = Debug|Any CPU
		{DB3478DB-4F4D-4174-B29E-C8369381CE9C}.Release|Any CPU.ActiveCfg = Release|Any CPU
		{DB3478DB-4F4D-4174-B29E-C8369381CE9C}.Release|Any CPU.Build.0 = Release|Any CPU
		{04F275D9-13BB-4D80-BE60-9D4098F9FF6B}.Debug|Any CPU.ActiveCfg = Debug|Any CPU
		{04F275D9-13BB-4D80-BE60-9D4098F9FF6B}.Debug|Any CPU.Build.0 = Debug|Any CPU
		{04F275D9-13BB-4D80-BE60-9D4098F9FF6B}.Release|Any CPU.ActiveCfg = Release|Any CPU
		{04F275D9-13BB-4D80-BE60-9D4098F9FF6B}.Release|Any CPU.Build.0 = Release|Any CPU
		{697A0DD0-9E9F-4C56-9219-FBA9627EC48C}.Debug|Any CPU.ActiveCfg = Debug|Any CPU
		{697A0DD0-9E9F-4C56-9219-FBA9627EC48C}.Debug|Any CPU.Build.0 = Debug|Any CPU
		{697A0DD0-9E9F-4C56-9219-FBA9627EC48C}.Release|Any CPU.ActiveCfg = Release|Any CPU
		{697A0DD0-9E9F-4C56-9219-FBA9627EC48C}.Release|Any CPU.Build.0 = Release|Any CPU
		{207D1D18-CE3E-4415-B470-6B978648239F}.Debug|Any CPU.ActiveCfg = Debug|Any CPU
		{207D1D18-CE3E-4415-B470-6B978648239F}.Debug|Any CPU.Build.0 = Debug|Any CPU
		{207D1D18-CE3E-4415-B470-6B978648239F}.Release|Any CPU.ActiveCfg = Release|Any CPU
		{207D1D18-CE3E-4415-B470-6B978648239F}.Release|Any CPU.Build.0 = Release|Any CPU
		{8BDAE98A-4D1B-4F8C-8E57-ABF2D2F98ECB}.Debug|Any CPU.ActiveCfg = Debug|Any CPU
		{8BDAE98A-4D1B-4F8C-8E57-ABF2D2F98ECB}.Debug|Any CPU.Build.0 = Debug|Any CPU
		{8BDAE98A-4D1B-4F8C-8E57-ABF2D2F98ECB}.Release|Any CPU.ActiveCfg = Release|Any CPU
		{8BDAE98A-4D1B-4F8C-8E57-ABF2D2F98ECB}.Release|Any CPU.Build.0 = Release|Any CPU
	EndGlobalSection
EndGlobal
